// !$*UTF8*$!
{
	archiveVersion = 1;
	classes = {
	};
	objectVersion = 50;
	objects = {

/* Begin PBXBuildFile section */
		BB8E5D3C22B3964D00623A0D /* AppDelegate.m in Sources */ = {isa = PBXBuildFile; fileRef = BB8E5D3B22B3964D00623A0D /* AppDelegate.m */; };
		BB8E5D3F22B3964D00623A0D /* ViewController.m in Sources */ = {isa = PBXBuildFile; fileRef = BB8E5D3E22B3964D00623A0D /* ViewController.m */; };
		BB8E5D4222B3964D00623A0D /* Main.storyboard in Resources */ = {isa = PBXBuildFile; fileRef = BB8E5D4022B3964D00623A0D /* Main.storyboard */; };
		BB8E5D4422B3965000623A0D /* Assets.xcassets in Resources */ = {isa = PBXBuildFile; fileRef = BB8E5D4322B3965000623A0D /* Assets.xcassets */; };
		BB8E5D4722B3965000623A0D /* LaunchScreen.storyboard in Resources */ = {isa = PBXBuildFile; fileRef = BB8E5D4522B3965000623A0D /* LaunchScreen.storyboard */; };
		BB8E5D4A22B3965000623A0D /* main.m in Sources */ = {isa = PBXBuildFile; fileRef = BB8E5D4922B3965000623A0D /* main.m */; };
		BB8E5D5522B3978A00623A0D /* BNM3U8Manager.m in Sources */ = {isa = PBXBuildFile; fileRef = BB8E5D5422B3978A00623A0D /* BNM3U8Manager.m */; };
		BB8E5D5922B3980E00623A0D /* BNM3U8DownloadOperation.m in Sources */ = {isa = PBXBuildFile; fileRef = BB8E5D5822B3980E00623A0D /* BNM3U8DownloadOperation.m */; };
		BB8E5D5C22B399A100623A0D /* BNM3U8AnalysisService.m in Sources */ = {isa = PBXBuildFile; fileRef = BB8E5D5B22B399A100623A0D /* BNM3U8AnalysisService.m */; };
		BB8E5D6722B39F1800623A0D /* BNM3U8FileService.m in Sources */ = {isa = PBXBuildFile; fileRef = BB8E5D6622B39F1800623A0D /* BNM3U8FileService.m */; };
		BB8E5D6A22B3A1A300623A0D /* BNM3U8FileDownLoadOperation.m in Sources */ = {isa = PBXBuildFile; fileRef = BB8E5D6922B3A1A300623A0D /* BNM3U8FileDownLoadOperation.m */; };
		BB8E5D6E22B3B0CB00623A0D /* BNM3U8PlistInfo.m in Sources */ = {isa = PBXBuildFile; fileRef = BB8E5D6D22B3B0CB00623A0D /* BNM3U8PlistInfo.m */; };
		C8F5611942CE3A2D473D643F /* libPods-m3u8Demo.a in Frameworks */ = {isa = PBXBuildFile; fileRef = F4D184CCCEE792C0F627AFD1 /* libPods-m3u8Demo.a */; };
		DB691DE622F532B100CEF3CE /* BNM3U8DownloadConfig.m in Sources */ = {isa = PBXBuildFile; fileRef = DB691DE422F532B100CEF3CE /* BNM3U8DownloadConfig.m */; };
		DB7FDA48231D4B9E0059DDBD /* BNFileManager.m in Sources */ = {isa = PBXBuildFile; fileRef = DB7FDA46231D4B9E0059DDBD /* BNFileManager.m */; };
		DB8426A4231A0BB6009431F7 /* DDTTYLogger.m in Sources */ = {isa = PBXBuildFile; fileRef = DB84263C231A0BB5009431F7 /* DDTTYLogger.m */; };
		DB8426A5231A0BB6009431F7 /* DDASLLogger.m in Sources */ = {isa = PBXBuildFile; fileRef = DB842642231A0BB5009431F7 /* DDASLLogger.m */; };
		DB8426A6231A0BB6009431F7 /* DDContextFilterLogFormatter.m in Sources */ = {isa = PBXBuildFile; fileRef = DB842645231A0BB5009431F7 /* DDContextFilterLogFormatter.m */; };
		DB8426A7231A0BB6009431F7 /* DDDispatchQueueLogFormatter.m in Sources */ = {isa = PBXBuildFile; fileRef = DB842646231A0BB5009431F7 /* DDDispatchQueueLogFormatter.m */; };
		DB8426A8231A0BB6009431F7 /* DDMultiFormatter.m in Sources */ = {isa = PBXBuildFile; fileRef = DB842649231A0BB5009431F7 /* DDMultiFormatter.m */; };
		DB8426A9231A0BB6009431F7 /* DDLog.m in Sources */ = {isa = PBXBuildFile; fileRef = DB84264B231A0BB5009431F7 /* DDLog.m */; };
		DB8426AA231A0BB6009431F7 /* DDAbstractDatabaseLogger.m in Sources */ = {isa = PBXBuildFile; fileRef = DB842650231A0BB5009431F7 /* DDAbstractDatabaseLogger.m */; };
		DB8426AB231A0BB6009431F7 /* DDFileLogger.m in Sources */ = {isa = PBXBuildFile; fileRef = DB842651231A0BB5009431F7 /* DDFileLogger.m */; };
		DB8426AC231A0BB6009431F7 /* DDASLLogCapture.m in Sources */ = {isa = PBXBuildFile; fileRef = DB842653231A0BB5009431F7 /* DDASLLogCapture.m */; };
		DB8426AD231A0BB6009431F7 /* README.md in Resources */ = {isa = PBXBuildFile; fileRef = DB842654231A0BB5009431F7 /* README.md */; };
		DB8426AE231A0BB6009431F7 /* HTTPDataResponse.m in Sources */ = {isa = PBXBuildFile; fileRef = DB84265E231A0BB5009431F7 /* HTTPDataResponse.m */; };
		DB8426AF231A0BB6009431F7 /* HTTPDynamicFileResponse.m in Sources */ = {isa = PBXBuildFile; fileRef = DB842660231A0BB5009431F7 /* HTTPDynamicFileResponse.m */; };
		DB8426B0231A0BB6009431F7 /* HTTPFileResponse.m in Sources */ = {isa = PBXBuildFile; fileRef = DB842661231A0BB5009431F7 /* HTTPFileResponse.m */; };
		DB8426B1231A0BB6009431F7 /* HTTPAsyncFileResponse.m in Sources */ = {isa = PBXBuildFile; fileRef = DB842662231A0BB5009431F7 /* HTTPAsyncFileResponse.m */; };
		DB8426B2231A0BB6009431F7 /* HTTPRedirectResponse.m in Sources */ = {isa = PBXBuildFile; fileRef = DB842663231A0BB5009431F7 /* HTTPRedirectResponse.m */; };
		DB8426B3231A0BB6009431F7 /* HTTPMessage.m in Sources */ = {isa = PBXBuildFile; fileRef = DB842668231A0BB5009431F7 /* HTTPMessage.m */; };
		DB8426B4231A0BB6009431F7 /* HTTPConnection.m in Sources */ = {isa = PBXBuildFile; fileRef = DB842669231A0BB5009431F7 /* HTTPConnection.m */; };
		DB8426B5231A0BB6009431F7 /* WebSocket.m in Sources */ = {isa = PBXBuildFile; fileRef = DB84266A231A0BB5009431F7 /* WebSocket.m */; };
		DB8426B6231A0BB6009431F7 /* MultipartMessageHeaderField.m in Sources */ = {isa = PBXBuildFile; fileRef = DB84266F231A0BB5009431F7 /* MultipartMessageHeaderField.m */; };
		DB8426B7231A0BB6009431F7 /* MultipartFormDataParser.m in Sources */ = {isa = PBXBuildFile; fileRef = DB842670231A0BB5009431F7 /* MultipartFormDataParser.m */; };
		DB8426B8231A0BB6009431F7 /* MultipartMessageHeader.m in Sources */ = {isa = PBXBuildFile; fileRef = DB842671231A0BB5009431F7 /* MultipartMessageHeader.m */; };
		DB8426B9231A0BB6009431F7 /* HTTPAuthenticationRequest.m in Sources */ = {isa = PBXBuildFile; fileRef = DB842673231A0BB5009431F7 /* HTTPAuthenticationRequest.m */; };
		DB8426BA231A0BB6009431F7 /* DDNumber.m in Sources */ = {isa = PBXBuildFile; fileRef = DB842675231A0BB5009431F7 /* DDNumber.m */; };
		DB8426BB231A0BB6009431F7 /* DDData.m in Sources */ = {isa = PBXBuildFile; fileRef = DB842676231A0BB5009431F7 /* DDData.m */; };
		DB8426BC231A0BB6009431F7 /* DDRange.m in Sources */ = {isa = PBXBuildFile; fileRef = DB842679231A0BB5009431F7 /* DDRange.m */; };
		DB8426BD231A0BB6009431F7 /* HTTPServer.m in Sources */ = {isa = PBXBuildFile; fileRef = DB84267B231A0BB5009431F7 /* HTTPServer.m */; };
		DB8426BE231A0BB6009431F7 /* DAVConnection.m in Sources */ = {isa = PBXBuildFile; fileRef = DB84267E231A0BB5009431F7 /* DAVConnection.m */; };
		DB8426BF231A0BB6009431F7 /* DELETEResponse.m in Sources */ = {isa = PBXBuildFile; fileRef = DB842680231A0BB5009431F7 /* DELETEResponse.m */; };
		DB8426C0231A0BB6009431F7 /* DAVResponse.m in Sources */ = {isa = PBXBuildFile; fileRef = DB842683231A0BB5009431F7 /* DAVResponse.m */; };
		DB8426C1231A0BB6009431F7 /* PUTResponse.m in Sources */ = {isa = PBXBuildFile; fileRef = DB842684231A0BB5009431F7 /* PUTResponse.m */; };
		DB8426C2231A0BB6009431F7 /* README.markdown in Resources */ = {isa = PBXBuildFile; fileRef = DB842686231A0BB5009431F7 /* README.markdown */; };
		DB8426C3231A0BB6009431F7 /* LICENSE.txt in Resources */ = {isa = PBXBuildFile; fileRef = DB842687231A0BB5009431F7 /* LICENSE.txt */; };
		DB8426CA231A0BB6009431F7 /* AsyncUdpSocket.m in Sources */ = {isa = PBXBuildFile; fileRef = DB842699231A0BB5009431F7 /* AsyncUdpSocket.m */; };
		DB8426CB231A0BB6009431F7 /* AsyncSocket.m in Sources */ = {isa = PBXBuildFile; fileRef = DB84269B231A0BB5009431F7 /* AsyncSocket.m */; };
		DB8426CC231A0BB6009431F7 /* GCDAsyncUdpSocket.m in Sources */ = {isa = PBXBuildFile; fileRef = DB84269E231A0BB5009431F7 /* GCDAsyncUdpSocket.m */; };
		DB8426CD231A0BB6009431F7 /* GCDAsyncSocket.m in Sources */ = {isa = PBXBuildFile; fileRef = DB84269F231A0BB5009431F7 /* GCDAsyncSocket.m */; };
		DB8426CE231A0BB6009431F7 /* README.markdown in Resources */ = {isa = PBXBuildFile; fileRef = DB8426A3231A0BB5009431F7 /* README.markdown */; };
		DB8426D1231A0BD0009431F7 /* BNHttpLocalServer.m in Sources */ = {isa = PBXBuildFile; fileRef = DB8426D0231A0BD0009431F7 /* BNHttpLocalServer.m */; };
		DB8426D2231A0D0C009431F7 /* libxml2.tbd in Frameworks */ = {isa = PBXBuildFile; fileRef = DBAABC0422F566F000501D6A /* libxml2.tbd */; settings = {ATTRIBUTES = (Required, ); }; };
		DBA71D1123078EC00041D718 /* BNTool.m in Sources */ = {isa = PBXBuildFile; fileRef = DBA71D1023078EC00041D718 /* BNTool.m */; };
		DBAABB7F22F5666400501D6A /* NSString+m3u8.m in Sources */ = {isa = PBXBuildFile; fileRef = DBAABB7522F5666400501D6A /* NSString+m3u8.m */; };
		DBAABC0822F56A0200501D6A /* BNM3U8fileInfo.m in Sources */ = {isa = PBXBuildFile; fileRef = DBAABC0722F56A0200501D6A /* BNM3U8fileInfo.m */; };
/* End PBXBuildFile section */

/* Begin PBXFileReference section */
		3B31B297642897B33DE29848 /* Pods-m3u8Demo.release.xcconfig */ = {isa = PBXFileReference; includeInIndex = 1; lastKnownFileType = text.xcconfig; name = "Pods-m3u8Demo.release.xcconfig"; path = "Pods/Target Support Files/Pods-m3u8Demo/Pods-m3u8Demo.release.xcconfig"; sourceTree = "<group>"; };
		BB8E5D3722B3964D00623A0D /* m3u8Demo.app */ = {isa = PBXFileReference; explicitFileType = wrapper.application; includeInIndex = 0; path = m3u8Demo.app; sourceTree = BUILT_PRODUCTS_DIR; };
		BB8E5D3A22B3964D00623A0D /* AppDelegate.h */ = {isa = PBXFileReference; lastKnownFileType = sourcecode.c.h; path = AppDelegate.h; sourceTree = "<group>"; };
		BB8E5D3B22B3964D00623A0D /* AppDelegate.m */ = {isa = PBXFileReference; lastKnownFileType = sourcecode.c.objc; path = AppDelegate.m; sourceTree = "<group>"; };
		BB8E5D3D22B3964D00623A0D /* ViewController.h */ = {isa = PBXFileReference; lastKnownFileType = sourcecode.c.h; path = ViewController.h; sourceTree = "<group>"; };
		BB8E5D3E22B3964D00623A0D /* ViewController.m */ = {isa = PBXFileReference; lastKnownFileType = sourcecode.c.objc; path = ViewController.m; sourceTree = "<group>"; };
		BB8E5D4122B3964D00623A0D /* Base */ = {isa = PBXFileReference; lastKnownFileType = file.storyboard; name = Base; path = Base.lproj/Main.storyboard; sourceTree = "<group>"; };
		BB8E5D4322B3965000623A0D /* Assets.xcassets */ = {isa = PBXFileReference; lastKnownFileType = folder.assetcatalog; path = Assets.xcassets; sourceTree = "<group>"; };
		BB8E5D4622B3965000623A0D /* Base */ = {isa = PBXFileReference; lastKnownFileType = file.storyboard; name = Base; path = Base.lproj/LaunchScreen.storyboard; sourceTree = "<group>"; };
		BB8E5D4822B3965000623A0D /* Info.plist */ = {isa = PBXFileReference; lastKnownFileType = text.plist.xml; path = Info.plist; sourceTree = "<group>"; };
		BB8E5D4922B3965000623A0D /* main.m */ = {isa = PBXFileReference; lastKnownFileType = sourcecode.c.objc; path = main.m; sourceTree = "<group>"; };
		BB8E5D5322B3978A00623A0D /* BNM3U8Manager.h */ = {isa = PBXFileReference; lastKnownFileType = sourcecode.c.h; path = BNM3U8Manager.h; sourceTree = "<group>"; };
		BB8E5D5422B3978A00623A0D /* BNM3U8Manager.m */ = {isa = PBXFileReference; lastKnownFileType = sourcecode.c.objc; path = BNM3U8Manager.m; sourceTree = "<group>"; };
		BB8E5D5722B3980E00623A0D /* BNM3U8DownloadOperation.h */ = {isa = PBXFileReference; lastKnownFileType = sourcecode.c.h; path = BNM3U8DownloadOperation.h; sourceTree = "<group>"; };
		BB8E5D5822B3980E00623A0D /* BNM3U8DownloadOperation.m */ = {isa = PBXFileReference; lastKnownFileType = sourcecode.c.objc; path = BNM3U8DownloadOperation.m; sourceTree = "<group>"; };
		BB8E5D5A22B399A100623A0D /* BNM3U8AnalysisService.h */ = {isa = PBXFileReference; lastKnownFileType = sourcecode.c.h; path = BNM3U8AnalysisService.h; sourceTree = "<group>"; };
		BB8E5D5B22B399A100623A0D /* BNM3U8AnalysisService.m */ = {isa = PBXFileReference; lastKnownFileType = sourcecode.c.objc; path = BNM3U8AnalysisService.m; sourceTree = "<group>"; };
		BB8E5D6422B39EDB00623A0D /* BNM3U8FileDownloadProtocol.h */ = {isa = PBXFileReference; lastKnownFileType = sourcecode.c.h; path = BNM3U8FileDownloadProtocol.h; sourceTree = "<group>"; };
		BB8E5D6522B39F1800623A0D /* BNM3U8FileService.h */ = {isa = PBXFileReference; lastKnownFileType = sourcecode.c.h; path = BNM3U8FileService.h; sourceTree = "<group>"; };
		BB8E5D6622B39F1800623A0D /* BNM3U8FileService.m */ = {isa = PBXFileReference; lastKnownFileType = sourcecode.c.objc; path = BNM3U8FileService.m; sourceTree = "<group>"; };
		BB8E5D6822B3A1A300623A0D /* BNM3U8FileDownLoadOperation.h */ = {isa = PBXFileReference; lastKnownFileType = sourcecode.c.h; path = BNM3U8FileDownLoadOperation.h; sourceTree = "<group>"; };
		BB8E5D6922B3A1A300623A0D /* BNM3U8FileDownLoadOperation.m */ = {isa = PBXFileReference; lastKnownFileType = sourcecode.c.objc; path = BNM3U8FileDownLoadOperation.m; sourceTree = "<group>"; };
		BB8E5D6C22B3B0CB00623A0D /* BNM3U8PlistInfo.h */ = {isa = PBXFileReference; lastKnownFileType = sourcecode.c.h; path = BNM3U8PlistInfo.h; sourceTree = "<group>"; };
		BB8E5D6D22B3B0CB00623A0D /* BNM3U8PlistInfo.m */ = {isa = PBXFileReference; lastKnownFileType = sourcecode.c.objc; path = BNM3U8PlistInfo.m; sourceTree = "<group>"; };
		DB691DE422F532B100CEF3CE /* BNM3U8DownloadConfig.m */ = {isa = PBXFileReference; fileEncoding = 4; lastKnownFileType = sourcecode.c.objc; path = BNM3U8DownloadConfig.m; sourceTree = "<group>"; };
		DB691DE522F532B100CEF3CE /* BNM3U8DownloadConfig.h */ = {isa = PBXFileReference; fileEncoding = 4; lastKnownFileType = sourcecode.c.h; path = BNM3U8DownloadConfig.h; sourceTree = "<group>"; };
		DB7FDA46231D4B9E0059DDBD /* BNFileManager.m */ = {isa = PBXFileReference; fileEncoding = 4; lastKnownFileType = sourcecode.c.objc; path = BNFileManager.m; sourceTree = "<group>"; };
		DB7FDA47231D4B9E0059DDBD /* BNFileManager.h */ = {isa = PBXFileReference; fileEncoding = 4; lastKnownFileType = sourcecode.c.h; path = BNFileManager.h; sourceTree = "<group>"; };
		DB84263A231A0BB5009431F7 /* CocoaLumberjack.modulemap */ = {isa = PBXFileReference; fileEncoding = 4; lastKnownFileType = "sourcecode.module-map"; path = CocoaLumberjack.modulemap; sourceTree = "<group>"; };
		DB84263C231A0BB5009431F7 /* DDTTYLogger.m */ = {isa = PBXFileReference; fileEncoding = 4; lastKnownFileType = sourcecode.c.objc; path = DDTTYLogger.m; sourceTree = "<group>"; };
		DB84263D231A0BB5009431F7 /* DDLog.h */ = {isa = PBXFileReference; fileEncoding = 4; lastKnownFileType = sourcecode.c.h; path = DDLog.h; sourceTree = "<group>"; };
		DB84263E231A0BB5009431F7 /* DDLegacyMacros.h */ = {isa = PBXFileReference; fileEncoding = 4; lastKnownFileType = sourcecode.c.h; path = DDLegacyMacros.h; sourceTree = "<group>"; };
		DB84263F231A0BB5009431F7 /* DDAbstractDatabaseLogger.h */ = {isa = PBXFileReference; fileEncoding = 4; lastKnownFileType = sourcecode.c.h; path = DDAbstractDatabaseLogger.h; sourceTree = "<group>"; };
		DB842640231A0BB5009431F7 /* DDLogMacros.h */ = {isa = PBXFileReference; fileEncoding = 4; lastKnownFileType = sourcecode.c.h; path = DDLogMacros.h; sourceTree = "<group>"; };
		DB842641231A0BB5009431F7 /* DDASLLogCapture.h */ = {isa = PBXFileReference; fileEncoding = 4; lastKnownFileType = sourcecode.c.h; path = DDASLLogCapture.h; sourceTree = "<group>"; };
		DB842642231A0BB5009431F7 /* DDASLLogger.m */ = {isa = PBXFileReference; fileEncoding = 4; lastKnownFileType = sourcecode.c.objc; path = DDASLLogger.m; sourceTree = "<group>"; };
		DB842643231A0BB5009431F7 /* DDFileLogger.h */ = {isa = PBXFileReference; fileEncoding = 4; lastKnownFileType = sourcecode.c.h; path = DDFileLogger.h; sourceTree = "<group>"; };
		DB842645231A0BB5009431F7 /* DDContextFilterLogFormatter.m */ = {isa = PBXFileReference; fileEncoding = 4; lastKnownFileType = sourcecode.c.objc; path = DDContextFilterLogFormatter.m; sourceTree = "<group>"; };
		DB842646231A0BB5009431F7 /* DDDispatchQueueLogFormatter.m */ = {isa = PBXFileReference; fileEncoding = 4; lastKnownFileType = sourcecode.c.objc; path = DDDispatchQueueLogFormatter.m; sourceTree = "<group>"; };
		DB842647231A0BB5009431F7 /* DDMultiFormatter.h */ = {isa = PBXFileReference; fileEncoding = 4; lastKnownFileType = sourcecode.c.h; path = DDMultiFormatter.h; sourceTree = "<group>"; };
		DB842648231A0BB5009431F7 /* DDContextFilterLogFormatter.h */ = {isa = PBXFileReference; fileEncoding = 4; lastKnownFileType = sourcecode.c.h; path = DDContextFilterLogFormatter.h; sourceTree = "<group>"; };
		DB842649231A0BB5009431F7 /* DDMultiFormatter.m */ = {isa = PBXFileReference; fileEncoding = 4; lastKnownFileType = sourcecode.c.objc; path = DDMultiFormatter.m; sourceTree = "<group>"; };
		DB84264A231A0BB5009431F7 /* DDDispatchQueueLogFormatter.h */ = {isa = PBXFileReference; fileEncoding = 4; lastKnownFileType = sourcecode.c.h; path = DDDispatchQueueLogFormatter.h; sourceTree = "<group>"; };
		DB84264B231A0BB5009431F7 /* DDLog.m */ = {isa = PBXFileReference; fileEncoding = 4; lastKnownFileType = sourcecode.c.objc; path = DDLog.m; sourceTree = "<group>"; };
		DB84264C231A0BB5009431F7 /* CocoaLumberjack.h */ = {isa = PBXFileReference; fileEncoding = 4; lastKnownFileType = sourcecode.c.h; path = CocoaLumberjack.h; sourceTree = "<group>"; };
		DB84264D231A0BB5009431F7 /* DDTTYLogger.h */ = {isa = PBXFileReference; fileEncoding = 4; lastKnownFileType = sourcecode.c.h; path = DDTTYLogger.h; sourceTree = "<group>"; };
		DB84264E231A0BB5009431F7 /* DDAssertMacros.h */ = {isa = PBXFileReference; fileEncoding = 4; lastKnownFileType = sourcecode.c.h; path = DDAssertMacros.h; sourceTree = "<group>"; };
		DB84264F231A0BB5009431F7 /* DDLog+LOGV.h */ = {isa = PBXFileReference; fileEncoding = 4; lastKnownFileType = sourcecode.c.h; path = "DDLog+LOGV.h"; sourceTree = "<group>"; };
		DB842650231A0BB5009431F7 /* DDAbstractDatabaseLogger.m */ = {isa = PBXFileReference; fileEncoding = 4; lastKnownFileType = sourcecode.c.objc; path = DDAbstractDatabaseLogger.m; sourceTree = "<group>"; };
		DB842651231A0BB5009431F7 /* DDFileLogger.m */ = {isa = PBXFileReference; fileEncoding = 4; lastKnownFileType = sourcecode.c.objc; path = DDFileLogger.m; sourceTree = "<group>"; };
		DB842652231A0BB5009431F7 /* DDASLLogger.h */ = {isa = PBXFileReference; fileEncoding = 4; lastKnownFileType = sourcecode.c.h; path = DDASLLogger.h; sourceTree = "<group>"; };
		DB842653231A0BB5009431F7 /* DDASLLogCapture.m */ = {isa = PBXFileReference; fileEncoding = 4; lastKnownFileType = sourcecode.c.objc; path = DDASLLogCapture.m; sourceTree = "<group>"; };
		DB842654231A0BB5009431F7 /* README.md */ = {isa = PBXFileReference; fileEncoding = 4; lastKnownFileType = net.daringfireball.markdown; path = README.md; sourceTree = "<group>"; };
		DB842657231A0BB5009431F7 /* HTTPConnection.h */ = {isa = PBXFileReference; fileEncoding = 4; lastKnownFileType = sourcecode.c.h; path = HTTPConnection.h; sourceTree = "<group>"; };
		DB842658231A0BB5009431F7 /* HTTPLogging.h */ = {isa = PBXFileReference; fileEncoding = 4; lastKnownFileType = sourcecode.c.h; path = HTTPLogging.h; sourceTree = "<group>"; };
		DB842659231A0BB5009431F7 /* HTTPMessage.h */ = {isa = PBXFileReference; fileEncoding = 4; lastKnownFileType = sourcecode.c.h; path = HTTPMessage.h; sourceTree = "<group>"; };
		DB84265A231A0BB5009431F7 /* WebSocket.h */ = {isa = PBXFileReference; fileEncoding = 4; lastKnownFileType = sourcecode.c.h; path = WebSocket.h; sourceTree = "<group>"; };
		DB84265B231A0BB5009431F7 /* HTTPAuthenticationRequest.h */ = {isa = PBXFileReference; fileEncoding = 4; lastKnownFileType = sourcecode.c.h; path = HTTPAuthenticationRequest.h; sourceTree = "<group>"; };
		DB84265D231A0BB5009431F7 /* HTTPAsyncFileResponse.h */ = {isa = PBXFileReference; fileEncoding = 4; lastKnownFileType = sourcecode.c.h; path = HTTPAsyncFileResponse.h; sourceTree = "<group>"; };
		DB84265E231A0BB5009431F7 /* HTTPDataResponse.m */ = {isa = PBXFileReference; fileEncoding = 4; lastKnownFileType = sourcecode.c.objc; path = HTTPDataResponse.m; sourceTree = "<group>"; };
		DB84265F231A0BB5009431F7 /* HTTPRedirectResponse.h */ = {isa = PBXFileReference; fileEncoding = 4; lastKnownFileType = sourcecode.c.h; path = HTTPRedirectResponse.h; sourceTree = "<group>"; };
		DB842660231A0BB5009431F7 /* HTTPDynamicFileResponse.m */ = {isa = PBXFileReference; fileEncoding = 4; lastKnownFileType = sourcecode.c.objc; path = HTTPDynamicFileResponse.m; sourceTree = "<group>"; };
		DB842661231A0BB5009431F7 /* HTTPFileResponse.m */ = {isa = PBXFileReference; fileEncoding = 4; lastKnownFileType = sourcecode.c.objc; path = HTTPFileResponse.m; sourceTree = "<group>"; };
		DB842662231A0BB5009431F7 /* HTTPAsyncFileResponse.m */ = {isa = PBXFileReference; fileEncoding = 4; lastKnownFileType = sourcecode.c.objc; path = HTTPAsyncFileResponse.m; sourceTree = "<group>"; };
		DB842663231A0BB5009431F7 /* HTTPRedirectResponse.m */ = {isa = PBXFileReference; fileEncoding = 4; lastKnownFileType = sourcecode.c.objc; path = HTTPRedirectResponse.m; sourceTree = "<group>"; };
		DB842664231A0BB5009431F7 /* HTTPDataResponse.h */ = {isa = PBXFileReference; fileEncoding = 4; lastKnownFileType = sourcecode.c.h; path = HTTPDataResponse.h; sourceTree = "<group>"; };
		DB842665231A0BB5009431F7 /* HTTPFileResponse.h */ = {isa = PBXFileReference; fileEncoding = 4; lastKnownFileType = sourcecode.c.h; path = HTTPFileResponse.h; sourceTree = "<group>"; };
		DB842666231A0BB5009431F7 /* HTTPDynamicFileResponse.h */ = {isa = PBXFileReference; fileEncoding = 4; lastKnownFileType = sourcecode.c.h; path = HTTPDynamicFileResponse.h; sourceTree = "<group>"; };
		DB842667231A0BB5009431F7 /* HTTPServer.h */ = {isa = PBXFileReference; fileEncoding = 4; lastKnownFileType = sourcecode.c.h; path = HTTPServer.h; sourceTree = "<group>"; };
		DB842668231A0BB5009431F7 /* HTTPMessage.m */ = {isa = PBXFileReference; fileEncoding = 4; lastKnownFileType = sourcecode.c.objc; path = HTTPMessage.m; sourceTree = "<group>"; };
		DB842669231A0BB5009431F7 /* HTTPConnection.m */ = {isa = PBXFileReference; fileEncoding = 4; lastKnownFileType = sourcecode.c.objc; path = HTTPConnection.m; sourceTree = "<group>"; };
		DB84266A231A0BB5009431F7 /* WebSocket.m */ = {isa = PBXFileReference; fileEncoding = 4; lastKnownFileType = sourcecode.c.objc; path = WebSocket.m; sourceTree = "<group>"; };
		DB84266B231A0BB5009431F7 /* HTTPResponse.h */ = {isa = PBXFileReference; fileEncoding = 4; lastKnownFileType = sourcecode.c.h; path = HTTPResponse.h; sourceTree = "<group>"; };
		DB84266D231A0BB5009431F7 /* MultipartFormDataParser.h */ = {isa = PBXFileReference; fileEncoding = 4; lastKnownFileType = sourcecode.c.h; path = MultipartFormDataParser.h; sourceTree = "<group>"; };
		DB84266E231A0BB5009431F7 /* MultipartMessageHeader.h */ = {isa = PBXFileReference; fileEncoding = 4; lastKnownFileType = sourcecode.c.h; path = MultipartMessageHeader.h; sourceTree = "<group>"; };
		DB84266F231A0BB5009431F7 /* MultipartMessageHeaderField.m */ = {isa = PBXFileReference; fileEncoding = 4; lastKnownFileType = sourcecode.c.objc; path = MultipartMessageHeaderField.m; sourceTree = "<group>"; };
		DB842670231A0BB5009431F7 /* MultipartFormDataParser.m */ = {isa = PBXFileReference; fileEncoding = 4; lastKnownFileType = sourcecode.c.objc; path = MultipartFormDataParser.m; sourceTree = "<group>"; };
		DB842671231A0BB5009431F7 /* MultipartMessageHeader.m */ = {isa = PBXFileReference; fileEncoding = 4; lastKnownFileType = sourcecode.c.objc; path = MultipartMessageHeader.m; sourceTree = "<group>"; };
		DB842672231A0BB5009431F7 /* MultipartMessageHeaderField.h */ = {isa = PBXFileReference; fileEncoding = 4; lastKnownFileType = sourcecode.c.h; path = MultipartMessageHeaderField.h; sourceTree = "<group>"; };
		DB842673231A0BB5009431F7 /* HTTPAuthenticationRequest.m */ = {isa = PBXFileReference; fileEncoding = 4; lastKnownFileType = sourcecode.c.objc; path = HTTPAuthenticationRequest.m; sourceTree = "<group>"; };
		DB842675231A0BB5009431F7 /* DDNumber.m */ = {isa = PBXFileReference; fileEncoding = 4; lastKnownFileType = sourcecode.c.objc; path = DDNumber.m; sourceTree = "<group>"; };
		DB842676231A0BB5009431F7 /* DDData.m */ = {isa = PBXFileReference; fileEncoding = 4; lastKnownFileType = sourcecode.c.objc; path = DDData.m; sourceTree = "<group>"; };
		DB842677231A0BB5009431F7 /* DDRange.h */ = {isa = PBXFileReference; fileEncoding = 4; lastKnownFileType = sourcecode.c.h; path = DDRange.h; sourceTree = "<group>"; };
		DB842678231A0BB5009431F7 /* DDNumber.h */ = {isa = PBXFileReference; fileEncoding = 4; lastKnownFileType = sourcecode.c.h; path = DDNumber.h; sourceTree = "<group>"; };
		DB842679231A0BB5009431F7 /* DDRange.m */ = {isa = PBXFileReference; fileEncoding = 4; lastKnownFileType = sourcecode.c.objc; path = DDRange.m; sourceTree = "<group>"; };
		DB84267A231A0BB5009431F7 /* DDData.h */ = {isa = PBXFileReference; fileEncoding = 4; lastKnownFileType = sourcecode.c.h; path = DDData.h; sourceTree = "<group>"; };
		DB84267B231A0BB5009431F7 /* HTTPServer.m */ = {isa = PBXFileReference; fileEncoding = 4; lastKnownFileType = sourcecode.c.objc; path = HTTPServer.m; sourceTree = "<group>"; };
		DB84267E231A0BB5009431F7 /* DAVConnection.m */ = {isa = PBXFileReference; fileEncoding = 4; lastKnownFileType = sourcecode.c.objc; path = DAVConnection.m; sourceTree = "<group>"; };
		DB84267F231A0BB5009431F7 /* DAVResponse.h */ = {isa = PBXFileReference; fileEncoding = 4; lastKnownFileType = sourcecode.c.h; path = DAVResponse.h; sourceTree = "<group>"; };
		DB842680231A0BB5009431F7 /* DELETEResponse.m */ = {isa = PBXFileReference; fileEncoding = 4; lastKnownFileType = sourcecode.c.objc; path = DELETEResponse.m; sourceTree = "<group>"; };
		DB842681231A0BB5009431F7 /* PUTResponse.h */ = {isa = PBXFileReference; fileEncoding = 4; lastKnownFileType = sourcecode.c.h; path = PUTResponse.h; sourceTree = "<group>"; };
		DB842682231A0BB5009431F7 /* DAVConnection.h */ = {isa = PBXFileReference; fileEncoding = 4; lastKnownFileType = sourcecode.c.h; path = DAVConnection.h; sourceTree = "<group>"; };
		DB842683231A0BB5009431F7 /* DAVResponse.m */ = {isa = PBXFileReference; fileEncoding = 4; lastKnownFileType = sourcecode.c.objc; path = DAVResponse.m; sourceTree = "<group>"; };
		DB842684231A0BB5009431F7 /* PUTResponse.m */ = {isa = PBXFileReference; fileEncoding = 4; lastKnownFileType = sourcecode.c.objc; path = PUTResponse.m; sourceTree = "<group>"; };
		DB842685231A0BB5009431F7 /* DELETEResponse.h */ = {isa = PBXFileReference; fileEncoding = 4; lastKnownFileType = sourcecode.c.h; path = DELETEResponse.h; sourceTree = "<group>"; };
		DB842686231A0BB5009431F7 /* README.markdown */ = {isa = PBXFileReference; fileEncoding = 4; lastKnownFileType = net.daringfireball.markdown; path = README.markdown; sourceTree = "<group>"; };
		DB842687231A0BB5009431F7 /* LICENSE.txt */ = {isa = PBXFileReference; fileEncoding = 4; lastKnownFileType = text; path = LICENSE.txt; sourceTree = "<group>"; };
		DB842699231A0BB5009431F7 /* AsyncUdpSocket.m */ = {isa = PBXFileReference; fileEncoding = 4; lastKnownFileType = sourcecode.c.objc; path = AsyncUdpSocket.m; sourceTree = "<group>"; };
		DB84269A231A0BB5009431F7 /* AsyncSocket.h */ = {isa = PBXFileReference; fileEncoding = 4; lastKnownFileType = sourcecode.c.h; path = AsyncSocket.h; sourceTree = "<group>"; };
		DB84269B231A0BB5009431F7 /* AsyncSocket.m */ = {isa = PBXFileReference; fileEncoding = 4; lastKnownFileType = sourcecode.c.objc; path = AsyncSocket.m; sourceTree = "<group>"; };
		DB84269C231A0BB5009431F7 /* AsyncUdpSocket.h */ = {isa = PBXFileReference; fileEncoding = 4; lastKnownFileType = sourcecode.c.h; path = AsyncUdpSocket.h; sourceTree = "<group>"; };
		DB84269E231A0BB5009431F7 /* GCDAsyncUdpSocket.m */ = {isa = PBXFileReference; fileEncoding = 4; lastKnownFileType = sourcecode.c.objc; path = GCDAsyncUdpSocket.m; sourceTree = "<group>"; };
		DB84269F231A0BB5009431F7 /* GCDAsyncSocket.m */ = {isa = PBXFileReference; fileEncoding = 4; lastKnownFileType = sourcecode.c.objc; path = GCDAsyncSocket.m; sourceTree = "<group>"; };
		DB8426A0231A0BB5009431F7 /* GCDAsyncUdpSocket.h */ = {isa = PBXFileReference; fileEncoding = 4; lastKnownFileType = sourcecode.c.h; path = GCDAsyncUdpSocket.h; sourceTree = "<group>"; };
		DB8426A1231A0BB5009431F7 /* GCDAsyncSocket.h */ = {isa = PBXFileReference; fileEncoding = 4; lastKnownFileType = sourcecode.c.h; path = GCDAsyncSocket.h; sourceTree = "<group>"; };
		DB8426A2231A0BB5009431F7 /* CocoaAsyncSocket.h */ = {isa = PBXFileReference; fileEncoding = 4; lastKnownFileType = sourcecode.c.h; path = CocoaAsyncSocket.h; sourceTree = "<group>"; };
		DB8426A3231A0BB5009431F7 /* README.markdown */ = {isa = PBXFileReference; fileEncoding = 4; lastKnownFileType = net.daringfireball.markdown; path = README.markdown; sourceTree = "<group>"; };
		DB8426CF231A0BD0009431F7 /* BNHttpLocalServer.h */ = {isa = PBXFileReference; fileEncoding = 4; lastKnownFileType = sourcecode.c.h; path = BNHttpLocalServer.h; sourceTree = "<group>"; };
		DB8426D0231A0BD0009431F7 /* BNHttpLocalServer.m */ = {isa = PBXFileReference; fileEncoding = 4; lastKnownFileType = sourcecode.c.objc; path = BNHttpLocalServer.m; sourceTree = "<group>"; };
		DBA71D0F23078EC00041D718 /* BNTool.h */ = {isa = PBXFileReference; lastKnownFileType = sourcecode.c.h; path = BNTool.h; sourceTree = "<group>"; };
		DBA71D1023078EC00041D718 /* BNTool.m */ = {isa = PBXFileReference; lastKnownFileType = sourcecode.c.objc; path = BNTool.m; sourceTree = "<group>"; };
		DBAABB7522F5666400501D6A /* NSString+m3u8.m */ = {isa = PBXFileReference; fileEncoding = 4; lastKnownFileType = sourcecode.c.objc; path = "NSString+m3u8.m"; sourceTree = "<group>"; };
		DBAABB7622F5666400501D6A /* NSString+m3u8.h */ = {isa = PBXFileReference; fileEncoding = 4; lastKnownFileType = sourcecode.c.h; path = "NSString+m3u8.h"; sourceTree = "<group>"; };
		DBAABC0422F566F000501D6A /* libxml2.tbd */ = {isa = PBXFileReference; lastKnownFileType = "sourcecode.text-based-dylib-definition"; name = libxml2.tbd; path = usr/lib/libxml2.tbd; sourceTree = SDKROOT; };
		DBAABC0622F56A0200501D6A /* BNM3U8fileInfo.h */ = {isa = PBXFileReference; lastKnownFileType = sourcecode.c.h; path = BNM3U8fileInfo.h; sourceTree = "<group>"; };
		DBAABC0722F56A0200501D6A /* BNM3U8fileInfo.m */ = {isa = PBXFileReference; lastKnownFileType = sourcecode.c.objc; path = BNM3U8fileInfo.m; sourceTree = "<group>"; };
		EA5B6FE82DF078AD38AFDD47 /* Pods-m3u8Demo.debug.xcconfig */ = {isa = PBXFileReference; includeInIndex = 1; lastKnownFileType = text.xcconfig; name = "Pods-m3u8Demo.debug.xcconfig"; path = "Pods/Target Support Files/Pods-m3u8Demo/Pods-m3u8Demo.debug.xcconfig"; sourceTree = "<group>"; };
		F4D184CCCEE792C0F627AFD1 /* libPods-m3u8Demo.a */ = {isa = PBXFileReference; explicitFileType = archive.ar; includeInIndex = 0; path = "libPods-m3u8Demo.a"; sourceTree = BUILT_PRODUCTS_DIR; };
/* End PBXFileReference section */

/* Begin PBXFrameworksBuildPhase section */
		BB8E5D3422B3964D00623A0D /* Frameworks */ = {
			isa = PBXFrameworksBuildPhase;
			buildActionMask = 2147483647;
			files = (
				DB8426D2231A0D0C009431F7 /* libxml2.tbd in Frameworks */,
				C8F5611942CE3A2D473D643F /* libPods-m3u8Demo.a in Frameworks */,
			);
			runOnlyForDeploymentPostprocessing = 0;
		};
/* End PBXFrameworksBuildPhase section */

/* Begin PBXGroup section */
		071D920A1A0B8CF031AFD2D4 /* Frameworks */ = {
			isa = PBXGroup;
			children = (
				DBAABC0422F566F000501D6A /* libxml2.tbd */,
				F4D184CCCEE792C0F627AFD1 /* libPods-m3u8Demo.a */,
			);
			name = Frameworks;
			sourceTree = "<group>";
		};
		BB8E5D2E22B3964D00623A0D = {
			isa = PBXGroup;
			children = (
				BB8E5D3922B3964D00623A0D /* m3u8Demo */,
				BB8E5D3822B3964D00623A0D /* Products */,
				DE0A71C65B31ED67126B8132 /* Pods */,
				071D920A1A0B8CF031AFD2D4 /* Frameworks */,
			);
			sourceTree = "<group>";
		};
		BB8E5D3822B3964D00623A0D /* Products */ = {
			isa = PBXGroup;
			children = (
				BB8E5D3722B3964D00623A0D /* m3u8Demo.app */,
			);
			name = Products;
			sourceTree = "<group>";
		};
		BB8E5D3922B3964D00623A0D /* m3u8Demo */ = {
			isa = PBXGroup;
			children = (
				BB8E5D3A22B3964D00623A0D /* AppDelegate.h */,
				BB8E5D3B22B3964D00623A0D /* AppDelegate.m */,
				BB8E5D3D22B3964D00623A0D /* ViewController.h */,
				BB8E5D3E22B3964D00623A0D /* ViewController.m */,
				DB842636231A0BB5009431F7 /* lib */,
				DBAABB5F22F5662E00501D6A /* oldFile */,
				BB8E5D6B22B3A1B700623A0D /* httpService */,
				BB8E5D5622B3979000623A0D /* m3u8 */,
				BB8E5D4022B3964D00623A0D /* Main.storyboard */,
				BB8E5D4322B3965000623A0D /* Assets.xcassets */,
				BB8E5D4522B3965000623A0D /* LaunchScreen.storyboard */,
				BB8E5D4822B3965000623A0D /* Info.plist */,
				BB8E5D4922B3965000623A0D /* main.m */,
			);
			path = m3u8Demo;
			sourceTree = "<group>";
		};
		BB8E5D5622B3979000623A0D /* m3u8 */ = {
			isa = PBXGroup;
			children = (
				DBAABB6622F5666300501D6A /* fileManager */,
				BB8E5D5322B3978A00623A0D /* BNM3U8Manager.h */,
				BB8E5D5422B3978A00623A0D /* BNM3U8Manager.m */,
				DB691DE522F532B100CEF3CE /* BNM3U8DownloadConfig.h */,
				DB691DE422F532B100CEF3CE /* BNM3U8DownloadConfig.m */,
				BB8E5D5722B3980E00623A0D /* BNM3U8DownloadOperation.h */,
				BB8E5D5822B3980E00623A0D /* BNM3U8DownloadOperation.m */,
				BB8E5D6822B3A1A300623A0D /* BNM3U8FileDownLoadOperation.h */,
				BB8E5D6922B3A1A300623A0D /* BNM3U8FileDownLoadOperation.m */,
				BB8E5D5A22B399A100623A0D /* BNM3U8AnalysisService.h */,
				BB8E5D5B22B399A100623A0D /* BNM3U8AnalysisService.m */,
				DBA71D0F23078EC00041D718 /* BNTool.h */,
				DBA71D1023078EC00041D718 /* BNTool.m */,
				BB8E5D5D22B39D4800623A0D /* entity */,
				BB8E5D6522B39F1800623A0D /* BNM3U8FileService.h */,
				BB8E5D6622B39F1800623A0D /* BNM3U8FileService.m */,
			);
			path = m3u8;
			sourceTree = "<group>";
		};
		BB8E5D5D22B39D4800623A0D /* entity */ = {
			isa = PBXGroup;
			children = (
				BB8E5D6422B39EDB00623A0D /* BNM3U8FileDownloadProtocol.h */,
				BB8E5D6C22B3B0CB00623A0D /* BNM3U8PlistInfo.h */,
				BB8E5D6D22B3B0CB00623A0D /* BNM3U8PlistInfo.m */,
				DBAABC0622F56A0200501D6A /* BNM3U8fileInfo.h */,
				DBAABC0722F56A0200501D6A /* BNM3U8fileInfo.m */,
			);
			path = entity;
			sourceTree = "<group>";
		};
		BB8E5D6B22B3A1B700623A0D /* httpService */ = {
			isa = PBXGroup;
			children = (
				DB8426CF231A0BD0009431F7 /* BNHttpLocalServer.h */,
				DB8426D0231A0BD0009431F7 /* BNHttpLocalServer.m */,
			);
			path = httpService;
			sourceTree = "<group>";
		};
		DB842636231A0BB5009431F7 /* lib */ = {
			isa = PBXGroup;
			children = (
				DB842637231A0BB5009431F7 /* CocoaLumberjack */,
				DB842655231A0BB5009431F7 /* CocoaHTTPServer */,
				DB842696231A0BB5009431F7 /* CocoaAsyncSocket */,
			);
			path = lib;
			sourceTree = "<group>";
		};
		DB842637231A0BB5009431F7 /* CocoaLumberjack */ = {
			isa = PBXGroup;
			children = (
				DB842638231A0BB5009431F7 /* Framework */,
				DB84263B231A0BB5009431F7 /* Classes */,
				DB842654231A0BB5009431F7 /* README.md */,
			);
			path = CocoaLumberjack;
			sourceTree = "<group>";
		};
		DB842638231A0BB5009431F7 /* Framework */ = {
			isa = PBXGroup;
			children = (
				DB842639231A0BB5009431F7 /* Lumberjack */,
			);
			path = Framework;
			sourceTree = "<group>";
		};
		DB842639231A0BB5009431F7 /* Lumberjack */ = {
			isa = PBXGroup;
			children = (
				DB84263A231A0BB5009431F7 /* CocoaLumberjack.modulemap */,
			);
			path = Lumberjack;
			sourceTree = "<group>";
		};
		DB84263B231A0BB5009431F7 /* Classes */ = {
			isa = PBXGroup;
			children = (
				DB84263C231A0BB5009431F7 /* DDTTYLogger.m */,
				DB84263D231A0BB5009431F7 /* DDLog.h */,
				DB84263E231A0BB5009431F7 /* DDLegacyMacros.h */,
				DB84263F231A0BB5009431F7 /* DDAbstractDatabaseLogger.h */,
				DB842640231A0BB5009431F7 /* DDLogMacros.h */,
				DB842641231A0BB5009431F7 /* DDASLLogCapture.h */,
				DB842642231A0BB5009431F7 /* DDASLLogger.m */,
				DB842643231A0BB5009431F7 /* DDFileLogger.h */,
				DB842644231A0BB5009431F7 /* Extensions */,
				DB84264B231A0BB5009431F7 /* DDLog.m */,
				DB84264C231A0BB5009431F7 /* CocoaLumberjack.h */,
				DB84264D231A0BB5009431F7 /* DDTTYLogger.h */,
				DB84264E231A0BB5009431F7 /* DDAssertMacros.h */,
				DB84264F231A0BB5009431F7 /* DDLog+LOGV.h */,
				DB842650231A0BB5009431F7 /* DDAbstractDatabaseLogger.m */,
				DB842651231A0BB5009431F7 /* DDFileLogger.m */,
				DB842652231A0BB5009431F7 /* DDASLLogger.h */,
				DB842653231A0BB5009431F7 /* DDASLLogCapture.m */,
			);
			path = Classes;
			sourceTree = "<group>";
		};
		DB842644231A0BB5009431F7 /* Extensions */ = {
			isa = PBXGroup;
			children = (
				DB842645231A0BB5009431F7 /* DDContextFilterLogFormatter.m */,
				DB842646231A0BB5009431F7 /* DDDispatchQueueLogFormatter.m */,
				DB842647231A0BB5009431F7 /* DDMultiFormatter.h */,
				DB842648231A0BB5009431F7 /* DDContextFilterLogFormatter.h */,
				DB842649231A0BB5009431F7 /* DDMultiFormatter.m */,
				DB84264A231A0BB5009431F7 /* DDDispatchQueueLogFormatter.h */,
			);
			path = Extensions;
			sourceTree = "<group>";
		};
		DB842655231A0BB5009431F7 /* CocoaHTTPServer */ = {
			isa = PBXGroup;
			children = (
				DB842656231A0BB5009431F7 /* Core */,
				DB84267C231A0BB5009431F7 /* Extensions */,
				DB842686231A0BB5009431F7 /* README.markdown */,
				DB842687231A0BB5009431F7 /* LICENSE.txt */,
			);
			path = CocoaHTTPServer;
			sourceTree = "<group>";
		};
		DB842656231A0BB5009431F7 /* Core */ = {
			isa = PBXGroup;
			children = (
				DB842657231A0BB5009431F7 /* HTTPConnection.h */,
				DB842658231A0BB5009431F7 /* HTTPLogging.h */,
				DB842659231A0BB5009431F7 /* HTTPMessage.h */,
				DB84265A231A0BB5009431F7 /* WebSocket.h */,
				DB84265B231A0BB5009431F7 /* HTTPAuthenticationRequest.h */,
				DB84265C231A0BB5009431F7 /* Responses */,
				DB842667231A0BB5009431F7 /* HTTPServer.h */,
				DB842668231A0BB5009431F7 /* HTTPMessage.m */,
				DB842669231A0BB5009431F7 /* HTTPConnection.m */,
				DB84266A231A0BB5009431F7 /* WebSocket.m */,
				DB84266B231A0BB5009431F7 /* HTTPResponse.h */,
				DB84266C231A0BB5009431F7 /* Mime */,
				DB842673231A0BB5009431F7 /* HTTPAuthenticationRequest.m */,
				DB842674231A0BB5009431F7 /* Categories */,
				DB84267B231A0BB5009431F7 /* HTTPServer.m */,
			);
			path = Core;
			sourceTree = "<group>";
		};
		DB84265C231A0BB5009431F7 /* Responses */ = {
			isa = PBXGroup;
			children = (
				DB84265D231A0BB5009431F7 /* HTTPAsyncFileResponse.h */,
				DB84265E231A0BB5009431F7 /* HTTPDataResponse.m */,
				DB84265F231A0BB5009431F7 /* HTTPRedirectResponse.h */,
				DB842660231A0BB5009431F7 /* HTTPDynamicFileResponse.m */,
				DB842661231A0BB5009431F7 /* HTTPFileResponse.m */,
				DB842662231A0BB5009431F7 /* HTTPAsyncFileResponse.m */,
				DB842663231A0BB5009431F7 /* HTTPRedirectResponse.m */,
				DB842664231A0BB5009431F7 /* HTTPDataResponse.h */,
				DB842665231A0BB5009431F7 /* HTTPFileResponse.h */,
				DB842666231A0BB5009431F7 /* HTTPDynamicFileResponse.h */,
			);
			path = Responses;
			sourceTree = "<group>";
		};
		DB84266C231A0BB5009431F7 /* Mime */ = {
			isa = PBXGroup;
			children = (
				DB84266D231A0BB5009431F7 /* MultipartFormDataParser.h */,
				DB84266E231A0BB5009431F7 /* MultipartMessageHeader.h */,
				DB84266F231A0BB5009431F7 /* MultipartMessageHeaderField.m */,
				DB842670231A0BB5009431F7 /* MultipartFormDataParser.m */,
				DB842671231A0BB5009431F7 /* MultipartMessageHeader.m */,
				DB842672231A0BB5009431F7 /* MultipartMessageHeaderField.h */,
			);
			path = Mime;
			sourceTree = "<group>";
		};
		DB842674231A0BB5009431F7 /* Categories */ = {
			isa = PBXGroup;
			children = (
				DB842675231A0BB5009431F7 /* DDNumber.m */,
				DB842676231A0BB5009431F7 /* DDData.m */,
				DB842677231A0BB5009431F7 /* DDRange.h */,
				DB842678231A0BB5009431F7 /* DDNumber.h */,
				DB842679231A0BB5009431F7 /* DDRange.m */,
				DB84267A231A0BB5009431F7 /* DDData.h */,
			);
			path = Categories;
			sourceTree = "<group>";
		};
		DB84267C231A0BB5009431F7 /* Extensions */ = {
			isa = PBXGroup;
			children = (
				DB84267D231A0BB5009431F7 /* WebDAV */,
			);
			path = Extensions;
			sourceTree = "<group>";
		};
		DB84267D231A0BB5009431F7 /* WebDAV */ = {
			isa = PBXGroup;
			children = (
				DB84267E231A0BB5009431F7 /* DAVConnection.m */,
				DB84267F231A0BB5009431F7 /* DAVResponse.h */,
				DB842680231A0BB5009431F7 /* DELETEResponse.m */,
				DB842681231A0BB5009431F7 /* PUTResponse.h */,
				DB842682231A0BB5009431F7 /* DAVConnection.h */,
				DB842683231A0BB5009431F7 /* DAVResponse.m */,
				DB842684231A0BB5009431F7 /* PUTResponse.m */,
				DB842685231A0BB5009431F7 /* DELETEResponse.h */,
			);
			path = WebDAV;
			sourceTree = "<group>";
		};
		DB842696231A0BB5009431F7 /* CocoaAsyncSocket */ = {
			isa = PBXGroup;
			children = (
				DB842697231A0BB5009431F7 /* Source */,
				DB8426A3231A0BB5009431F7 /* README.markdown */,
			);
			path = CocoaAsyncSocket;
			sourceTree = "<group>";
		};
		DB842697231A0BB5009431F7 /* Source */ = {
			isa = PBXGroup;
			children = (
				DB842698231A0BB5009431F7 /* RunLoop */,
				DB84269D231A0BB5009431F7 /* GCD */,
				DB8426A2231A0BB5009431F7 /* CocoaAsyncSocket.h */,
			);
			path = Source;
			sourceTree = "<group>";
		};
		DB842698231A0BB5009431F7 /* RunLoop */ = {
			isa = PBXGroup;
			children = (
				DB842699231A0BB5009431F7 /* AsyncUdpSocket.m */,
				DB84269A231A0BB5009431F7 /* AsyncSocket.h */,
				DB84269B231A0BB5009431F7 /* AsyncSocket.m */,
				DB84269C231A0BB5009431F7 /* AsyncUdpSocket.h */,
			);
			path = RunLoop;
			sourceTree = "<group>";
		};
		DB84269D231A0BB5009431F7 /* GCD */ = {
			isa = PBXGroup;
			children = (
				DB84269E231A0BB5009431F7 /* GCDAsyncUdpSocket.m */,
				DB84269F231A0BB5009431F7 /* GCDAsyncSocket.m */,
				DB8426A0231A0BB5009431F7 /* GCDAsyncUdpSocket.h */,
				DB8426A1231A0BB5009431F7 /* GCDAsyncSocket.h */,
			);
			path = GCD;
			sourceTree = "<group>";
		};
		DBAABB5F22F5662E00501D6A /* oldFile */ = {
			isa = PBXGroup;
			children = (
				DBAABB7422F5666400501D6A /* category */,
			);
			path = oldFile;
			sourceTree = "<group>";
		};
		DBAABB6622F5666300501D6A /* fileManager */ = {
			isa = PBXGroup;
			children = (
				DB7FDA47231D4B9E0059DDBD /* BNFileManager.h */,
				DB7FDA46231D4B9E0059DDBD /* BNFileManager.m */,
			);
			path = fileManager;
			sourceTree = "<group>";
		};
		DBAABB7422F5666400501D6A /* category */ = {
			isa = PBXGroup;
			children = (
				DBAABB7522F5666400501D6A /* NSString+m3u8.m */,
				DBAABB7622F5666400501D6A /* NSString+m3u8.h */,
			);
			path = category;
			sourceTree = "<group>";
		};
		DE0A71C65B31ED67126B8132 /* Pods */ = {
			isa = PBXGroup;
			children = (
				EA5B6FE82DF078AD38AFDD47 /* Pods-m3u8Demo.debug.xcconfig */,
				3B31B297642897B33DE29848 /* Pods-m3u8Demo.release.xcconfig */,
			);
			name = Pods;
			sourceTree = "<group>";
		};
/* End PBXGroup section */

/* Begin PBXNativeTarget section */
		BB8E5D3622B3964D00623A0D /* m3u8Demo */ = {
			isa = PBXNativeTarget;
			buildConfigurationList = BB8E5D4D22B3965000623A0D /* Build configuration list for PBXNativeTarget "m3u8Demo" */;
			buildPhases = (
				CE480C036675D756C9828EE1 /* [CP] Check Pods Manifest.lock */,
				BB8E5D3322B3964D00623A0D /* Sources */,
				BB8E5D3422B3964D00623A0D /* Frameworks */,
				BB8E5D3522B3964D00623A0D /* Resources */,
			);
			buildRules = (
			);
			dependencies = (
			);
			name = m3u8Demo;
			productName = m3u8Demo;
			productReference = BB8E5D3722B3964D00623A0D /* m3u8Demo.app */;
			productType = "com.apple.product-type.application";
		};
/* End PBXNativeTarget section */

/* Begin PBXProject section */
		BB8E5D2F22B3964D00623A0D /* Project object */ = {
			isa = PBXProject;
			attributes = {
				LastUpgradeCheck = 1020;
				ORGANIZATIONNAME = Bennie;
				TargetAttributes = {
					BB8E5D3622B3964D00623A0D = {
						CreatedOnToolsVersion = 10.2.1;
					};
				};
			};
			buildConfigurationList = BB8E5D3222B3964D00623A0D /* Build configuration list for PBXProject "m3u8Demo" */;
			compatibilityVersion = "Xcode 9.3";
			developmentRegion = en;
			hasScannedForEncodings = 0;
			knownRegions = (
				en,
				Base,
			);
			mainGroup = BB8E5D2E22B3964D00623A0D;
			productRefGroup = BB8E5D3822B3964D00623A0D /* Products */;
			projectDirPath = "";
			projectRoot = "";
			targets = (
				BB8E5D3622B3964D00623A0D /* m3u8Demo */,
			);
		};
/* End PBXProject section */

/* Begin PBXResourcesBuildPhase section */
		BB8E5D3522B3964D00623A0D /* Resources */ = {
			isa = PBXResourcesBuildPhase;
			buildActionMask = 2147483647;
			files = (
				DB8426C3231A0BB6009431F7 /* LICENSE.txt in Resources */,
				BB8E5D4722B3965000623A0D /* LaunchScreen.storyboard in Resources */,
				DB8426C2231A0BB6009431F7 /* README.markdown in Resources */,
				BB8E5D4422B3965000623A0D /* Assets.xcassets in Resources */,
				DB8426CE231A0BB6009431F7 /* README.markdown in Resources */,
				DB8426AD231A0BB6009431F7 /* README.md in Resources */,
				BB8E5D4222B3964D00623A0D /* Main.storyboard in Resources */,
			);
			runOnlyForDeploymentPostprocessing = 0;
		};
/* End PBXResourcesBuildPhase section */

/* Begin PBXShellScriptBuildPhase section */
		CE480C036675D756C9828EE1 /* [CP] Check Pods Manifest.lock */ = {
			isa = PBXShellScriptBuildPhase;
			buildActionMask = 2147483647;
			files = (
			);
			inputPaths = (
				"${PODS_PODFILE_DIR_PATH}/Podfile.lock",
				"${PODS_ROOT}/Manifest.lock",
			);
			name = "[CP] Check Pods Manifest.lock";
			outputPaths = (
				"$(DERIVED_FILE_DIR)/Pods-m3u8Demo-checkManifestLockResult.txt",
			);
			runOnlyForDeploymentPostprocessing = 0;
			shellPath = /bin/sh;
			shellScript = "diff \"${PODS_PODFILE_DIR_PATH}/Podfile.lock\" \"${PODS_ROOT}/Manifest.lock\" > /dev/null\nif [ $? != 0 ] ; then\n    # print error to STDERR\n    echo \"error: The sandbox is not in sync with the Podfile.lock. Run 'pod install' or update your CocoaPods installation.\" >&2\n    exit 1\nfi\n# This output is used by Xcode 'outputs' to avoid re-running this script phase.\necho \"SUCCESS\" > \"${SCRIPT_OUTPUT_FILE_0}\"\n";
			showEnvVarsInLog = 0;
		};
/* End PBXShellScriptBuildPhase section */

/* Begin PBXSourcesBuildPhase section */
		BB8E5D3322B3964D00623A0D /* Sources */ = {
			isa = PBXSourcesBuildPhase;
			buildActionMask = 2147483647;
			files = (
				DB8426BF231A0BB6009431F7 /* DELETEResponse.m in Sources */,
				DB691DE622F532B100CEF3CE /* BNM3U8DownloadConfig.m in Sources */,
				DB8426CC231A0BB6009431F7 /* GCDAsyncUdpSocket.m in Sources */,
				DB8426C0231A0BB6009431F7 /* DAVResponse.m in Sources */,
				DBA71D1123078EC00041D718 /* BNTool.m in Sources */,
				DB7FDA48231D4B9E0059DDBD /* BNFileManager.m in Sources */,
				DBAABC0822F56A0200501D6A /* BNM3U8fileInfo.m in Sources */,
				BB8E5D3F22B3964D00623A0D /* ViewController.m in Sources */,
				DB8426AA231A0BB6009431F7 /* DDAbstractDatabaseLogger.m in Sources */,
				BB8E5D5C22B399A100623A0D /* BNM3U8AnalysisService.m in Sources */,
				BB8E5D4A22B3965000623A0D /* main.m in Sources */,
				DB8426AE231A0BB6009431F7 /* HTTPDataResponse.m in Sources */,
				DB8426BD231A0BB6009431F7 /* HTTPServer.m in Sources */,
				DBAABB7F22F5666400501D6A /* NSString+m3u8.m in Sources */,
				BB8E5D6722B39F1800623A0D /* BNM3U8FileService.m in Sources */,
				DB8426AC231A0BB6009431F7 /* DDASLLogCapture.m in Sources */,
				DB8426BB231A0BB6009431F7 /* DDData.m in Sources */,
				DB8426B7231A0BB6009431F7 /* MultipartFormDataParser.m in Sources */,
				DB8426B5231A0BB6009431F7 /* WebSocket.m in Sources */,
				DB8426B9231A0BB6009431F7 /* HTTPAuthenticationRequest.m in Sources */,
				DB8426B6231A0BB6009431F7 /* MultipartMessageHeaderField.m in Sources */,
				DB8426BE231A0BB6009431F7 /* DAVConnection.m in Sources */,
				DB8426CD231A0BB6009431F7 /* GCDAsyncSocket.m in Sources */,
				DB8426A8231A0BB6009431F7 /* DDMultiFormatter.m in Sources */,
				DB8426CA231A0BB6009431F7 /* AsyncUdpSocket.m in Sources */,
				DB8426A7231A0BB6009431F7 /* DDDispatchQueueLogFormatter.m in Sources */,
				BB8E5D5922B3980E00623A0D /* BNM3U8DownloadOperation.m in Sources */,
				DB8426B1231A0BB6009431F7 /* HTTPAsyncFileResponse.m in Sources */,
				DB8426A4231A0BB6009431F7 /* DDTTYLogger.m in Sources */,
				DB8426B4231A0BB6009431F7 /* HTTPConnection.m in Sources */,
				DB8426BC231A0BB6009431F7 /* DDRange.m in Sources */,
				DB8426AF231A0BB6009431F7 /* HTTPDynamicFileResponse.m in Sources */,
				BB8E5D6E22B3B0CB00623A0D /* BNM3U8PlistInfo.m in Sources */,
				DB8426AB231A0BB6009431F7 /* DDFileLogger.m in Sources */,
				DB8426B2231A0BB6009431F7 /* HTTPRedirectResponse.m in Sources */,
				DB8426A5231A0BB6009431F7 /* DDASLLogger.m in Sources */,
				DB8426D1231A0BD0009431F7 /* BNHttpLocalServer.m in Sources */,
				DB8426CB231A0BB6009431F7 /* AsyncSocket.m in Sources */,
				DB8426A6231A0BB6009431F7 /* DDContextFilterLogFormatter.m in Sources */,
				BB8E5D5522B3978A00623A0D /* BNM3U8Manager.m in Sources */,
				DB8426B3231A0BB6009431F7 /* HTTPMessage.m in Sources */,
				DB8426A9231A0BB6009431F7 /* DDLog.m in Sources */,
				BB8E5D6A22B3A1A300623A0D /* BNM3U8FileDownLoadOperation.m in Sources */,
				DB8426B8231A0BB6009431F7 /* MultipartMessageHeader.m in Sources */,
				DB8426B0231A0BB6009431F7 /* HTTPFileResponse.m in Sources */,
				DB8426BA231A0BB6009431F7 /* DDNumber.m in Sources */,
				BB8E5D3C22B3964D00623A0D /* AppDelegate.m in Sources */,
				DB8426C1231A0BB6009431F7 /* PUTResponse.m in Sources */,
			);
			runOnlyForDeploymentPostprocessing = 0;
		};
/* End PBXSourcesBuildPhase section */

/* Begin PBXVariantGroup section */
		BB8E5D4022B3964D00623A0D /* Main.storyboard */ = {
			isa = PBXVariantGroup;
			children = (
				BB8E5D4122B3964D00623A0D /* Base */,
			);
			name = Main.storyboard;
			sourceTree = "<group>";
		};
		BB8E5D4522B3965000623A0D /* LaunchScreen.storyboard */ = {
			isa = PBXVariantGroup;
			children = (
				BB8E5D4622B3965000623A0D /* Base */,
			);
			name = LaunchScreen.storyboard;
			sourceTree = "<group>";
		};
/* End PBXVariantGroup section */

/* Begin XCBuildConfiguration section */
		BB8E5D4B22B3965000623A0D /* Debug */ = {
			isa = XCBuildConfiguration;
			buildSettings = {
				ALWAYS_SEARCH_USER_PATHS = NO;
				CLANG_ANALYZER_NONNULL = YES;
				CLANG_ANALYZER_NUMBER_OBJECT_CONVERSION = YES_AGGRESSIVE;
				CLANG_CXX_LANGUAGE_STANDARD = "gnu++14";
				CLANG_CXX_LIBRARY = "libc++";
				CLANG_ENABLE_MODULES = YES;
				CLANG_ENABLE_OBJC_ARC = YES;
				CLANG_ENABLE_OBJC_WEAK = YES;
				CLANG_WARN_BLOCK_CAPTURE_AUTORELEASING = YES;
				CLANG_WARN_BOOL_CONVERSION = YES;
				CLANG_WARN_COMMA = YES;
				CLANG_WARN_CONSTANT_CONVERSION = YES;
				CLANG_WARN_DEPRECATED_OBJC_IMPLEMENTATIONS = YES;
				CLANG_WARN_DIRECT_OBJC_ISA_USAGE = YES_ERROR;
				CLANG_WARN_DOCUMENTATION_COMMENTS = YES;
				CLANG_WARN_EMPTY_BODY = YES;
				CLANG_WARN_ENUM_CONVERSION = YES;
				CLANG_WARN_INFINITE_RECURSION = YES;
				CLANG_WARN_INT_CONVERSION = YES;
				CLANG_WARN_NON_LITERAL_NULL_CONVERSION = YES;
				CLANG_WARN_OBJC_IMPLICIT_RETAIN_SELF = YES;
				CLANG_WARN_OBJC_LITERAL_CONVERSION = YES;
				CLANG_WARN_OBJC_ROOT_CLASS = YES_ERROR;
				CLANG_WARN_RANGE_LOOP_ANALYSIS = YES;
				CLANG_WARN_STRICT_PROTOTYPES = YES;
				CLANG_WARN_SUSPICIOUS_MOVE = YES;
				CLANG_WARN_UNGUARDED_AVAILABILITY = YES_AGGRESSIVE;
				CLANG_WARN_UNREACHABLE_CODE = YES;
				CLANG_WARN__DUPLICATE_METHOD_MATCH = YES;
				CODE_SIGN_IDENTITY = "iPhone Developer";
				COPY_PHASE_STRIP = NO;
				DEBUG_INFORMATION_FORMAT = dwarf;
				ENABLE_STRICT_OBJC_MSGSEND = YES;
				ENABLE_TESTABILITY = YES;
				GCC_C_LANGUAGE_STANDARD = gnu11;
				GCC_DYNAMIC_NO_PIC = NO;
				GCC_NO_COMMON_BLOCKS = YES;
				GCC_OPTIMIZATION_LEVEL = 0;
				GCC_PREPROCESSOR_DEFINITIONS = (
					"DEBUG=1",
					"$(inherited)",
				);
				GCC_WARN_64_TO_32_BIT_CONVERSION = YES;
				GCC_WARN_ABOUT_RETURN_TYPE = YES_ERROR;
				GCC_WARN_UNDECLARED_SELECTOR = YES;
				GCC_WARN_UNINITIALIZED_AUTOS = YES_AGGRESSIVE;
				GCC_WARN_UNUSED_FUNCTION = YES;
				GCC_WARN_UNUSED_VARIABLE = YES;
				IPHONEOS_DEPLOYMENT_TARGET = 12.2;
				MTL_ENABLE_DEBUG_INFO = INCLUDE_SOURCE;
				MTL_FAST_MATH = YES;
				ONLY_ACTIVE_ARCH = YES;
				SDKROOT = iphoneos;
			};
			name = Debug;
		};
		BB8E5D4C22B3965000623A0D /* Release */ = {
			isa = XCBuildConfiguration;
			buildSettings = {
				ALWAYS_SEARCH_USER_PATHS = NO;
				CLANG_ANALYZER_NONNULL = YES;
				CLANG_ANALYZER_NUMBER_OBJECT_CONVERSION = YES_AGGRESSIVE;
				CLANG_CXX_LANGUAGE_STANDARD = "gnu++14";
				CLANG_CXX_LIBRARY = "libc++";
				CLANG_ENABLE_MODULES = YES;
				CLANG_ENABLE_OBJC_ARC = YES;
				CLANG_ENABLE_OBJC_WEAK = YES;
				CLANG_WARN_BLOCK_CAPTURE_AUTORELEASING = YES;
				CLANG_WARN_BOOL_CONVERSION = YES;
				CLANG_WARN_COMMA = YES;
				CLANG_WARN_CONSTANT_CONVERSION = YES;
				CLANG_WARN_DEPRECATED_OBJC_IMPLEMENTATIONS = YES;
				CLANG_WARN_DIRECT_OBJC_ISA_USAGE = YES_ERROR;
				CLANG_WARN_DOCUMENTATION_COMMENTS = YES;
				CLANG_WARN_EMPTY_BODY = YES;
				CLANG_WARN_ENUM_CONVERSION = YES;
				CLANG_WARN_INFINITE_RECURSION = YES;
				CLANG_WARN_INT_CONVERSION = YES;
				CLANG_WARN_NON_LITERAL_NULL_CONVERSION = YES;
				CLANG_WARN_OBJC_IMPLICIT_RETAIN_SELF = YES;
				CLANG_WARN_OBJC_LITERAL_CONVERSION = YES;
				CLANG_WARN_OBJC_ROOT_CLASS = YES_ERROR;
				CLANG_WARN_RANGE_LOOP_ANALYSIS = YES;
				CLANG_WARN_STRICT_PROTOTYPES = YES;
				CLANG_WARN_SUSPICIOUS_MOVE = YES;
				CLANG_WARN_UNGUARDED_AVAILABILITY = YES_AGGRESSIVE;
				CLANG_WARN_UNREACHABLE_CODE = YES;
				CLANG_WARN__DUPLICATE_METHOD_MATCH = YES;
				CODE_SIGN_IDENTITY = "iPhone Developer";
				COPY_PHASE_STRIP = NO;
				DEBUG_INFORMATION_FORMAT = "dwarf-with-dsym";
				ENABLE_NS_ASSERTIONS = NO;
				ENABLE_STRICT_OBJC_MSGSEND = YES;
				GCC_C_LANGUAGE_STANDARD = gnu11;
				GCC_NO_COMMON_BLOCKS = YES;
				GCC_WARN_64_TO_32_BIT_CONVERSION = YES;
				GCC_WARN_ABOUT_RETURN_TYPE = YES_ERROR;
				GCC_WARN_UNDECLARED_SELECTOR = YES;
				GCC_WARN_UNINITIALIZED_AUTOS = YES_AGGRESSIVE;
				GCC_WARN_UNUSED_FUNCTION = YES;
				GCC_WARN_UNUSED_VARIABLE = YES;
				IPHONEOS_DEPLOYMENT_TARGET = 12.2;
				MTL_ENABLE_DEBUG_INFO = NO;
				MTL_FAST_MATH = YES;
				SDKROOT = iphoneos;
				VALIDATE_PRODUCT = YES;
			};
			name = Release;
		};
		BB8E5D4E22B3965000623A0D /* Debug */ = {
			isa = XCBuildConfiguration;
			baseConfigurationReference = EA5B6FE82DF078AD38AFDD47 /* Pods-m3u8Demo.debug.xcconfig */;
			buildSettings = {
				ASSETCATALOG_COMPILER_APPICON_NAME = AppIcon;
				CODE_SIGN_STYLE = Automatic;
				DEVELOPMENT_TEAM = 54JV57CX88;
				HEADER_SEARCH_PATHS = (
					"$(inherited)",
					"\"${PODS_ROOT}/Headers/Public\"",
					"\"${PODS_ROOT}/Headers/Public/AFNetworking\"",
					"${SDK_DIR}/usr/include/libxml2",
				);
				INFOPLIST_FILE = m3u8Demo/Info.plist;
				LD_RUNPATH_SEARCH_PATHS = (
					"$(inherited)",
					"@executable_path/Frameworks",
				);
				PRODUCT_BUNDLE_IDENTIFIER = com.9jiuying.lib.m3u8Demo;
				PRODUCT_NAME = "$(TARGET_NAME)";
				TARGETED_DEVICE_FAMILY = "1,2";
			};
			name = Debug;
		};
		BB8E5D4F22B3965000623A0D /* Release */ = {
			isa = XCBuildConfiguration;
			baseConfigurationReference = 3B31B297642897B33DE29848 /* Pods-m3u8Demo.release.xcconfig */;
			buildSettings = {
				ASSETCATALOG_COMPILER_APPICON_NAME = AppIcon;
				CODE_SIGN_STYLE = Automatic;
				DEVELOPMENT_TEAM = 54JV57CX88;
				HEADER_SEARCH_PATHS = (
					"$(inherited)",
					"\"${PODS_ROOT}/Headers/Public\"",
					"\"${PODS_ROOT}/Headers/Public/AFNetworking\"",
					"${SDK_DIR}/usr/include/libxml2",
				);
				INFOPLIST_FILE = m3u8Demo/Info.plist;
				LD_RUNPATH_SEARCH_PATHS = (
					"$(inherited)",
					"@executable_path/Frameworks",
				);
				PRODUCT_BUNDLE_IDENTIFIER = com.9jiuying.lib.m3u8Demo;
				PRODUCT_NAME = "$(TARGET_NAME)";
				TARGETED_DEVICE_FAMILY = "1,2";
			};
			name = Release;
		};
/* End XCBuildConfiguration section */

/* Begin XCConfigurationList section */
		BB8E5D3222B3964D00623A0D /* Build configuration list for PBXProject "m3u8Demo" */ = {
			isa = XCConfigurationList;
			buildConfigurations = (
				BB8E5D4B22B3965000623A0D /* Debug */,
				BB8E5D4C22B3965000623A0D /* Release */,
			);
			defaultConfigurationIsVisible = 0;
			defaultConfigurationName = Release;
		};
		BB8E5D4D22B3965000623A0D /* Build configuration list for PBXNativeTarget "m3u8Demo" */ = {
			isa = XCConfigurationList;
			buildConfigurations = (
				BB8E5D4E22B3965000623A0D /* Debug */,
				BB8E5D4F22B3965000623A0D /* Release */,
			);
			defaultConfigurationIsVisible = 0;
			defaultConfigurationName = Release;
		};
/* End XCConfigurationList section */
	};
	rootObject = BB8E5D2F22B3964D00623A0D /* Project object */;
}
